
Microsoft Visual Studio Solution File, Format Version 12.00
# Visual Studio Version 16
VisualStudioVersion = 16.0.30711.63
MinimumVisualStudioVersion = 10.0.40219.1
Project("{FAE04EC0-301F-11D3-BF4B-00C04F79EFBC}") = "DT102G_moment2", "DT102G_moment2.csproj", "{4243E6B5-0E29-456B-8EE3-AC266D433BBD}"
EndProject
Global
	GlobalSection(SolutionConfigurationPlatforms) = preSolution
		Debug|Any CPU = Debug|Any CPU
		Release|Any CPU = Release|Any CPU
	EndGlobalSection
	GlobalSection(ProjectConfigurationPlatforms) = postSolution
		{4243E6B5-0E29-456B-8EE3-AC266D433BBD}.Debug|Any CPU.ActiveCfg = Debug|Any CPU
		{4243E6B5-0E29-456B-8EE3-AC266D433BBD}.Debug|Any CPU.Build.0 = Debug|Any CPU
		{4243E6B5-0E29-456B-8EE3-AC266D433BBD}.Release|Any CPU.ActiveCfg = Release|Any CPU
		{4243E6B5-0E29-456B-8EE3-AC266D433BBD}.Release|Any CPU.Build.0 = Release|Any CPU
	EndGlobalSection
	GlobalSection(SolutionProperties) = preSolution
		HideSolutionNode = FALSE
	EndGlobalSection
	GlobalSection(ExtensibilityGlobals) = postSolution
		SolutionGuid = {0F976463-E597-4634-A7D1-1A2333BF949A}
	EndGlobalSection
EndGlobal
